
Microsoft Visual Studio Solution File, Format Version 12.00
# Visual Studio Version 17
VisualStudioVersion = 17.14.36414.22 d17.14
MinimumVisualStudioVersion = 10.0.40219.1
Project("{FAE04EC0-301F-11D3-BF4B-00C04F79EFBC}") = "ImageProcessing", "ImageProcessing\ImageProcessing.csproj", "{BC6A234E-BD3A-4876-B6B3-FF9FFFC5C7C4}"
EndProject
Global
	GlobalSection(SolutionConfigurationPlatforms) = preSolution
		Debug|Any CPU = Debug|Any CPU
		Release|Any CPU = Release|Any CPU
	EndGlobalSection
	GlobalSection(ProjectConfigurationPlatforms) = postSolution
		{BC6A234E-BD3A-4876-B6B3-FF9FFFC5C7C4}.Debug|Any CPU.ActiveCfg = Debug|Any CPU
		{BC6A234E-BD3A-4876-B6B3-FF9FFFC5C7C4}.Debug|Any CPU.Build.0 = Debug|Any CPU
		{BC6A234E-BD3A-4876-B6B3-FF9FFFC5C7C4}.Release|Any CPU.ActiveCfg = Release|Any CPU
		{BC6A234E-BD3A-4876-B6B3-FF9FFFC5C7C4}.Release|Any CPU.Build.0 = Release|Any CPU
	EndGlobalSection
	GlobalSection(SolutionProperties) = preSolution
		HideSolutionNode = FALSE
	EndGlobalSection
	GlobalSection(ExtensibilityGlobals) = postSolution
		SolutionGuid = {6428E96E-4325-4DFA-9972-A0090CD10F83}
	EndGlobalSection
EndGlobal
